
Microsoft Visual Studio Solution File, Format Version 12.00
# Visual Studio Version 16
VisualStudioVersion = 16.0.33130.400
MinimumVisualStudioVersion = 10.0.40219.1
Project("{2150E333-8FDC-42A3-9474-1A3956D46DE8}") = "Domain", "Domain", "{FF9721C0-5944-485E-B11F-CF34F779FDA3}"
EndProject
Project("{9A19103F-16F7-4668-BE54-9A1E7A4F7556}") = "VirtualLaboratory.Domain", "VirtualLaboratory.Domain\VirtualLaboratory.Domain.csproj", "{245B398A-E033-4787-A5BB-55BE51141568}"
EndProject
Project("{2150E333-8FDC-42A3-9474-1A3956D46DE8}") = "DAL", "DAL", "{F198BAB8-BCD2-4C71-A725-51C537BBCEE3}"
EndProject
Project("{FAE04EC0-301F-11D3-BF4B-00C04F79EFBC}") = "VirtualLaboratory.DAL", "VirtualLaboratory.DAL\VirtualLaboratory.DAL.csproj", "{DEC6B07B-E630-473A-A8B5-A5CA87BC92AD}"
EndProject
Global
	GlobalSection(SolutionConfigurationPlatforms) = preSolution
		Debug|Any CPU = Debug|Any CPU
		Release|Any CPU = Release|Any CPU
	EndGlobalSection
	GlobalSection(ProjectConfigurationPlatforms) = postSolution
		{245B398A-E033-4787-A5BB-55BE51141568}.Debug|Any CPU.ActiveCfg = Debug|Any CPU
		{245B398A-E033-4787-A5BB-55BE51141568}.Debug|Any CPU.Build.0 = Debug|Any CPU
		{245B398A-E033-4787-A5BB-55BE51141568}.Release|Any CPU.ActiveCfg = Release|Any CPU
		{245B398A-E033-4787-A5BB-55BE51141568}.Release|Any CPU.Build.0 = Release|Any CPU
		{DEC6B07B-E630-473A-A8B5-A5CA87BC92AD}.Debug|Any CPU.ActiveCfg = Debug|Any CPU
		{DEC6B07B-E630-473A-A8B5-A5CA87BC92AD}.Debug|Any CPU.Build.0 = Debug|Any CPU
		{DEC6B07B-E630-473A-A8B5-A5CA87BC92AD}.Release|Any CPU.ActiveCfg = Release|Any CPU
		{DEC6B07B-E630-473A-A8B5-A5CA87BC92AD}.Release|Any CPU.Build.0 = Release|Any CPU
	EndGlobalSection
	GlobalSection(SolutionProperties) = preSolution
		HideSolutionNode = FALSE
	EndGlobalSection
	GlobalSection(NestedProjects) = preSolution
		{245B398A-E033-4787-A5BB-55BE51141568} = {FF9721C0-5944-485E-B11F-CF34F779FDA3}
		{DEC6B07B-E630-473A-A8B5-A5CA87BC92AD} = {F198BAB8-BCD2-4C71-A725-51C537BBCEE3}
	EndGlobalSection
	GlobalSection(ExtensibilityGlobals) = postSolution
		SolutionGuid = {39BC8DC3-10C6-43BD-BB0A-FC69DAE17634}
	EndGlobalSection
EndGlobal
